
Microsoft Visual Studio Solution File, Format Version 12.00
# Visual Studio Version 16
VisualStudioVersion = 25.0.1706.1
MinimumVisualStudioVersion = 10.0.40219.1
Project("{FAE04EC0-301F-11D3-BF4B-00C04F79EFBC}") = "Interface", "Interface\Interface.csproj", "{A25C9927-DD67-4681-ABAD-D1383988DAA3}"
EndProject
Global
	GlobalSection(SolutionConfigurationPlatforms) = preSolution
		Debug|Any CPU = Debug|Any CPU
		Release|Any CPU = Release|Any CPU
	EndGlobalSection
	GlobalSection(ProjectConfigurationPlatforms) = postSolution
		{A25C9927-DD67-4681-ABAD-D1383988DAA3}.Debug|Any CPU.ActiveCfg = Debug|Any CPU
		{A25C9927-DD67-4681-ABAD-D1383988DAA3}.Debug|Any CPU.Build.0 = Debug|Any CPU
		{A25C9927-DD67-4681-ABAD-D1383988DAA3}.Release|Any CPU.ActiveCfg = Release|Any CPU
		{A25C9927-DD67-4681-ABAD-D1383988DAA3}.Release|Any CPU.Build.0 = Release|Any CPU
	EndGlobalSection
	GlobalSection(SolutionProperties) = preSolution
		HideSolutionNode = FALSE
	EndGlobalSection
	GlobalSection(ExtensibilityGlobals) = postSolution
		SolutionGuid = {2F1EABFA-964F-429C-8CC5-3ECB4DEB496C}
	EndGlobalSection
EndGlobal
